Microsoft Visual Studio Solution File, Format Version 11.00
# Visual Studio 2008

Project("{A43F9EAB-EA74-7B6B-C17E-0B435FF1C0ED}") = "UnityProjekt", "Assembly-CSharp-vs.csproj", "{A93ED17E-C6A2-0611-24A3-006F75F334F0}"
EndProject
Global
	GlobalSection(SolutionConfigurationPlatforms) = preSolution
		Debug|Any CPU = Debug|Any CPU
		Release|Any CPU = Release|Any CPU
	EndGlobalSection
	GlobalSection(ProjectConfigurationPlatforms) = postSolution
		{A93ED17E-C6A2-0611-24A3-006F75F334F0}.Debug|Any CPU.ActiveCfg = Debug|Any CPU
		{A93ED17E-C6A2-0611-24A3-006F75F334F0}.Debug|Any CPU.Build.0 = Debug|Any CPU
		{A93ED17E-C6A2-0611-24A3-006F75F334F0}.Release|Any CPU.ActiveCfg = Release|Any CPU
		{A93ED17E-C6A2-0611-24A3-006F75F334F0}.Release|Any CPU.Build.0 = Release|Any CPU
	EndGlobalSection
	GlobalSection(SolutionProperties) = preSolution
		HideSolutionNode = FALSE
	EndGlobalSection
				GlobalSection(MonoDevelopProperties) = preSolution
		StartupItem = Assembly-CSharp.csproj
	EndGlobalSection

EndGlobal
